<?xml version="1.0" encoding="utf-8"?>
<Project ToolsVersion="4.0" xmlns="http://schemas.microsoft.com/developer/msbuild/2003">
  <ItemGroup>
    <Filter Include="Source Files">
      <UniqueIdentifier>{4FC737F1-C7A5-4376-A066-2A32D752A2FF}</UniqueIdentifier>
      <Extensions>cpp;c;cc;cxx;def;odl;idl;hpj;bat;asm;asmx</Extensions>
    </Filter>
    <Filter Include="Header Files">
      <UniqueIdentifier>{93995380-89BD-4b04-88EB-625FBE52EBFB}</UniqueIdentifier>
      <Extensions>h;hh;hpp;hxx;hm;inl;inc;xsd</Extensions>
    </Filter>
    <Filter Include="Resource Files">
      <UniqueIdentifier>{67DA6AB6-F800-4c08-8B7A-83BB121AAD01}</UniqueIdentifier>
      <Extensions>rc;ico;cur;bmp;dlg;rc2;rct;bin;rgs;gif;jpg;jpeg;jpe;resx;tiff;tif;png;wav;mfcribbon-ms</Extensions>
    </Filter>
    <Filter Include="Extra">
      <UniqueIdentifier>{efe8829e-fe32-4cc7-adc4-9818749788f1}</UniqueIdentifier>
    </Filter>
    <Filter Include="Texture">
      <UniqueIdentifier>{7edf6838-e16b-4068-a6b9-d16c1caa81c5}</UniqueIdentifier>
    </Filter>
    <Filter Include="Sprite">
      <UniqueIdentifier>{44d37eab-d6ff-4e4f-b020-c295cc238049}</UniqueIdentifier>
    </Filter>
    <Filter Include="Object">
      <UniqueIdentifier>{6cba9cc8-8dfe-41e9-9c7e-aee2299bab2f}</UniqueIdentifier>
    </Filter>
    <Filter Include="Animation">
      <UniqueIdentifier>{4c11f782-9dca-4397-9de0-90061a10ad1a}</UniqueIdentifier>
    </Filter>
    <Filter Include="Debug">
      <UniqueIdentifier>{171af5b9-330c-48ac-8d66-2aca5008aaae}</UniqueIdentifier>
    </Filter>
    <Filter Include="Keyboard">
      <UniqueIdentifier>{86ff22bb-8a8a-4705-b68e-05532a0c6c28}</UniqueIdentifier>
    </Filter>
    <Filter Include="Simon">
      <UniqueIdentifier>{f711a0da-e190-4fd9-893a-207e2f978da8}</UniqueIdentifier>
    </Filter>
    <Filter Include="Define">
      <UniqueIdentifier>{a4260963-7db6-4299-abdf-3a821d581c8c}</UniqueIdentifier>
    </Filter>
  </ItemGroup>
  <ItemGroup>
    <ClCompile Include="main.cpp">
      <Filter>Source Files</Filter>
    </ClCompile>
    <ClCompile Include="CTexture.cpp">
      <Filter>Extra</Filter>
    </ClCompile>
    <ClCompile Include="CTextures.cpp">
      <Filter>Texture</Filter>
    </ClCompile>
    <ClCompile Include="CSprite.cpp">
      <Filter>Sprite</Filter>
    </ClCompile>
    <ClCompile Include="CSpriteManagement.cpp">
      <Filter>Sprite</Filter>
    </ClCompile>
    <ClCompile Include="CGame.cpp">
      <Filter>Object</Filter>
    </ClCompile>
    <ClCompile Include="CGameObject.cpp">
      <Filter>Object</Filter>
    </ClCompile>
    <ClCompile Include="CAnimation.cpp">
      <Filter>Animation</Filter>
    </ClCompile>
    <ClCompile Include="CAnimationFrame.cpp">
      <Filter>Animation</Filter>
    </ClCompile>
    <ClCompile Include="CAnimations.cpp">
      <Filter>Animation</Filter>
    </ClCompile>
    <ClCompile Include="debug.cpp">
      <Filter>Debug</Filter>
    </ClCompile>
    <ClCompile Include="CTexturesManagement.cpp">
      <Filter>Extra</Filter>
    </ClCompile>
    <ClCompile Include="Simon.cpp">
      <Filter>Simon</Filter>
    </ClCompile>
    <ClCompile Include="Define.cpp">
      <Filter>Define</Filter>
    </ClCompile>
  </ItemGroup>
  <ItemGroup>
    <ClInclude Include="CTexture.h">
      <Filter>Extra</Filter>
    </ClInclude>
    <ClInclude Include="CTextures.h">
      <Filter>Texture</Filter>
    </ClInclude>
    <ClInclude Include="CSprite.h">
      <Filter>Sprite</Filter>
    </ClInclude>
    <ClInclude Include="CSpriteManagement.h">
      <Filter>Sprite</Filter>
    </ClInclude>
    <ClInclude Include="CGame.h">
      <Filter>Object</Filter>
    </ClInclude>
    <ClInclude Include="CGameObject.h">
      <Filter>Object</Filter>
    </ClInclude>
    <ClInclude Include="CAnimations.h">
      <Filter>Animation</Filter>
    </ClInclude>
    <ClInclude Include="CAnimationFrame.h">
      <Filter>Animation</Filter>
    </ClInclude>
    <ClInclude Include="CAnimation.h">
      <Filter>Animation</Filter>
    </ClInclude>
    <ClInclude Include="debug.h">
      <Filter>Debug</Filter>
    </ClInclude>
    <ClInclude Include="CTexturesManagement.h">
      <Filter>Extra</Filter>
    </ClInclude>
    <ClInclude Include="Simon.h">
      <Filter>Simon</Filter>
    </ClInclude>
    <ClInclude Include="Define.h">
      <Filter>Define</Filter>
    </ClInclude>
  </ItemGroup>
</Project>